# This file was autogenerated by Stack.
# You should not edit this file by hand.
# For more information, please see the documentation at:
#   https://docs.haskellstack.org/en/stable/lock_files

packages:
- completed:
    hackage: optparse-applicative-0.15.0.0@sha256:eb2a0ef9775339ffed5ee65b2549d108524af5ac9057c664aa4e4a8105cc4c14,4673
    pantry-tree:
      size: 2903
      sha256: 6dd4bc2c016291ffc13d5eb0ba51b796e7e5d36d6a66a2236117e6081cc171e4
  original:
    hackage: optparse-applicative-0.15.0.0
snapshots:
- completed:
    size: 523443
    url: https://raw.githubusercontent.com/commercialhaskell/stackage-snapshots/master/lts/14/0.yaml
    sha256: 283773e7120f5446d961eab35ea95c9af9c24187cc178537bd29273200a05171
  original: lts-14.0
