# This file was autogenerated by Stack.
# You should not edit this file by hand.
# For more information, please see the documentation at:
#   https://docs.haskellstack.org/en/stable/lock_files

packages:
- completed:
    hackage: optparse-applicative-0.15.0.0@sha256:eb2a0ef9775339ffed5ee65b2549d108524af5ac9057c664aa4e4a8105cc4c14,4673
    pantry-tree:
      size: 2903
      sha256: 6dd4bc2c016291ffc13d5eb0ba51b796e7e5d36d6a66a2236117e6081cc171e4
  original:
    hackage: optparse-applicative-0.15.0.0
- completed:
    hackage: string-interpolate-0.1.0.1@sha256:6efbc888a2986ee80ddd014fded600de113554684fe5eaca87cf02ab59cfa95c,1999
    pantry-tree:
      size: 614
      sha256: cc0dd03158125caf1766efa7ad76ff53743f8fb41a4db4aff9b57f322c0dd824
  original:
    hackage: string-interpolate-0.1.0.1
- completed:
    hackage: uuid-1.3.13@sha256:29837f637a856d2e04dc6f630c1a441eed99edea1695b1b52ccb4d290c2e2854,3136
    pantry-tree:
      size: 767
      sha256: 29c38bf73313ca858d46a8f01c68316a7b4c7fb6d09fc411f8bfc9790874af79
  original:
    hackage: uuid-1.3.13
snapshots:
- completed:
    size: 523443
    url: https://raw.githubusercontent.com/commercialhaskell/stackage-snapshots/master/lts/14/0.yaml
    sha256: 283773e7120f5446d961eab35ea95c9af9c24187cc178537bd29273200a05171
  original: lts-14.0
